
Microsoft Visual Studio Solution File, Format Version 12.00
# Visual Studio 2013
VisualStudioVersion = 12.0.31101.0
MinimumVisualStudioVersion = 10.0.40219.1
Project("{FAE04EC0-301F-11D3-BF4B-00C04F79EFBC}") = "AngularJSAuthentication.API", "AngularJSAuthentication.API\AngularJSAuthentication.API.csproj", "{5FBC7A77-1C2A-4027-B14D-61B8BC299555}"
EndProject
Project("{FAE04EC0-301F-11D3-BF4B-00C04F79EFBC}") = "AngularJSAuthentication.Web", "AngularJSAuthentication.Web\AngularJSAuthentication.Web.csproj", "{3E9BB39D-B217-446D-A349-B9B21A8E473A}"
EndProject
Global
	GlobalSection(SolutionConfigurationPlatforms) = preSolution
		Debug|Any CPU = Debug|Any CPU
		Release|Any CPU = Release|Any CPU
	EndGlobalSection
	GlobalSection(ProjectConfigurationPlatforms) = postSolution
		{5FBC7A77-1C2A-4027-B14D-61B8BC299555}.Debug|Any CPU.ActiveCfg = Debug|Any CPU
		{5FBC7A77-1C2A-4027-B14D-61B8BC299555}.Debug|Any CPU.Build.0 = Debug|Any CPU
		{5FBC7A77-1C2A-4027-B14D-61B8BC299555}.Release|Any CPU.ActiveCfg = Release|Any CPU
		{5FBC7A77-1C2A-4027-B14D-61B8BC299555}.Release|Any CPU.Build.0 = Release|Any CPU
		{3E9BB39D-B217-446D-A349-B9B21A8E473A}.Debug|Any CPU.ActiveCfg = Debug|Any CPU
		{3E9BB39D-B217-446D-A349-B9B21A8E473A}.Debug|Any CPU.Build.0 = Debug|Any CPU
		{3E9BB39D-B217-446D-A349-B9B21A8E473A}.Release|Any CPU.ActiveCfg = Release|Any CPU
		{3E9BB39D-B217-446D-A349-B9B21A8E473A}.Release|Any CPU.Build.0 = Release|Any CPU
	EndGlobalSection
	GlobalSection(SolutionProperties) = preSolution
		HideSolutionNode = FALSE
	EndGlobalSection
EndGlobal
